<?xml version="1.0" encoding="utf-8"?>
<Project ToolsVersion="4.0" xmlns="http://schemas.microsoft.com/developer/msbuild/2003">
  <ItemGroup>
    <Filter Include="Source Files">
      <UniqueIdentifier>{4FC737F1-C7A5-4376-A066-2A32D752A2FF}</UniqueIdentifier>
      <Extensions>cpp;c;cc;cxx;c++;cppm;ixx;def;odl;idl;hpj;bat;asm;asmx</Extensions>
    </Filter>
    <Filter Include="Header Files">
      <UniqueIdentifier>{93995380-89BD-4b04-88EB-625FBE52EBFB}</UniqueIdentifier>
      <Extensions>h;hh;hpp;hxx;h++;hm;inl;inc;ipp;xsd</Extensions>
    </Filter>
    <Filter Include="Resource Files">
      <UniqueIdentifier>{67DA6AB6-F800-4c08-8B7A-83BB121AAD01}</UniqueIdentifier>
      <Extensions>rc;ico;cur;bmp;dlg;rc2;rct;bin;rgs;gif;jpg;jpeg;jpe;resx;tiff;tif;png;wav;mfcribbon-ms</Extensions>
    </Filter>
  </ItemGroup>
  <ItemGroup>
    <ClInclude Include="includes\test.h">
      <Filter>Header Files</Filter>
    </ClInclude>
    <ClInclude Include="includes\Shape.h">
      <Filter>Header Files</Filter>
    </ClInclude>
    <ClInclude Include="includes\FilledShape.h">
      <Filter>Header Files</Filter>
    </ClInclude>
    <ClInclude Include="includes\Circle.h">
      <Filter>Header Files</Filter>
    </ClInclude>
    <ClInclude Include="includes\Line.h">
      <Filter>Header Files</Filter>
    </ClInclude>
    <ClInclude Include="includes\Rect.h">
      <Filter>Header Files</Filter>
    </ClInclude>
    <ClInclude Include="includes\Polyline.h">
      <Filter>Header Files</Filter>
    </ClInclude>
    <ClInclude Include="includes\Polygon.h">
      <Filter>Header Files</Filter>
    </ClInclude>
    <ClInclude Include="includes\Group.h">
      <Filter>Header Files</Filter>
    </ClInclude>
    <ClInclude Include="includes\Text.h">
      <Filter>Header Files</Filter>
    </ClInclude>
    <ClInclude Include="includes\Ellipse.h">
      <Filter>Header Files</Filter>
    </ClInclude>
    <ClInclude Include="includes\Factory.h">
      <Filter>Header Files</Filter>
    </ClInclude>
    <ClInclude Include="includes\Parser.h">
      <Filter>Header Files</Filter>
    </ClInclude>
    <ClInclude Include="includes\Renderer.h">
      <Filter>Header Files</Filter>
    </ClInclude>
    <ClInclude Include="includes\myLib.h">
      <Filter>Header Files</Filter>
    </ClInclude>
    <ClInclude Include="includes\tinyxml2.h">
      <Filter>Header Files</Filter>
    </ClInclude>
    <ClInclude Include="includes\Color.h">
      <Filter>Header Files</Filter>
    </ClInclude>
    <ClInclude Include="includes\Points.h">
      <Filter>Header Files</Filter>
    </ClInclude>
  </ItemGroup>
  <ItemGroup>
    <ClCompile Include="src\Factory.cpp">
      <Filter>Source Files</Filter>
    </ClCompile>
    <ClCompile Include="src\Parrser.cpp">
      <Filter>Source Files</Filter>
    </ClCompile>
    <ClCompile Include="src\tinyxml2.cpp">
      <Filter>Source Files</Filter>
    </ClCompile>
    <ClCompile Include="src\main.cpp">
      <Filter>Source Files</Filter>
    </ClCompile>
    <ClCompile Include="src\Shape.cpp">
      <Filter>Source Files</Filter>
    </ClCompile>
    <ClCompile Include="src\FilledShape.cpp">
      <Filter>Source Files</Filter>
    </ClCompile>
    <ClCompile Include="src\Circle.cpp">
      <Filter>Source Files</Filter>
    </ClCompile>
    <ClCompile Include="src\Ellipse.cpp">
      <Filter>Source Files</Filter>
    </ClCompile>
    <ClCompile Include="src\Group.cpp">
      <Filter>Source Files</Filter>
    </ClCompile>
    <ClCompile Include="src\Line.cpp">
      <Filter>Source Files</Filter>
    </ClCompile>
    <ClCompile Include="src\Polygon.cpp">
      <Filter>Source Files</Filter>
    </ClCompile>
    <ClCompile Include="src\Polyline.cpp">
      <Filter>Source Files</Filter>
    </ClCompile>
    <ClCompile Include="src\Rect.cpp">
      <Filter>Source Files</Filter>
    </ClCompile>
    <ClCompile Include="src\Renderer.cpp">
      <Filter>Source Files</Filter>
    </ClCompile>
    <ClCompile Include="src\Text.cpp">
      <Filter>Source Files</Filter>
    </ClCompile>
    <ClCompile Include="src\Color.cpp">
      <Filter>Source Files</Filter>
    </ClCompile>
    <ClCompile Include="src\Points.cpp">
      <Filter>Source Files</Filter>
    </ClCompile>
  </ItemGroup>
</Project>